
Microsoft Visual Studio Solution File, Format Version 12.00
Project("{FAE04EC0-301F-11D3-BF4B-00C04F79EFBC}") = "Application", "src\Application\Application.csproj", "{9186E5AA-AC60-49C6-B5E1-0A3EE22E37C6}"
EndProject
Project("{FAE04EC0-301F-11D3-BF4B-00C04F79EFBC}") = "Domain", "src\Domain\Domain.csproj", "{A3C9D9CD-13F1-46A8-A3F0-BBEF1F9E10C7}"
EndProject
Project("{FAE04EC0-301F-11D3-BF4B-00C04F79EFBC}") = "Infrastructure", "src\Infrastructure\Infrastructure.csproj", "{7E84859B-1E21-4CF4-81A9-DBC89037219C}"
EndProject
Project("{FAE04EC0-301F-11D3-BF4B-00C04F79EFBC}") = "Web", "src\Web\Web.csproj", "{79A90F96-8DAD-47F1-9C48-D846DE65E01D}"
EndProject
Project("{FAE04EC0-301F-11D3-BF4B-00C04F79EFBC}") = "Application.UnitTests", "tests\Application.UnitTests\Application.UnitTests.csproj", "{3071C7A4-F93E-41DC-BF7A-333BB053F4B2}"
EndProject
Project("{FAE04EC0-301F-11D3-BF4B-00C04F79EFBC}") = "Domain.UnitTests", "tests\Domain.UnitTests\Domain.UnitTests.csproj", "{42A4CD62-009A-4939-93B4-17691494F07F}"
EndProject
Project("{2150E333-8FDC-42A3-9474-1A3956D46DE8}") = "src", "src", "{569C62E0-25A5-470F-99E0-6EE449AF78F7}"
EndProject
Project("{2150E333-8FDC-42A3-9474-1A3956D46DE8}") = "test", "test", "{56FB19CE-A445-4C93-83BA-E50C4CD898E6}"
EndProject
Global
	GlobalSection(SolutionConfigurationPlatforms) = preSolution
		Debug|Any CPU = Debug|Any CPU
		Release|Any CPU = Release|Any CPU
	EndGlobalSection
	GlobalSection(ProjectConfigurationPlatforms) = postSolution
		{9186E5AA-AC60-49C6-B5E1-0A3EE22E37C6}.Debug|Any CPU.ActiveCfg = Debug|Any CPU
		{9186E5AA-AC60-49C6-B5E1-0A3EE22E37C6}.Debug|Any CPU.Build.0 = Debug|Any CPU
		{9186E5AA-AC60-49C6-B5E1-0A3EE22E37C6}.Release|Any CPU.ActiveCfg = Release|Any CPU
		{9186E5AA-AC60-49C6-B5E1-0A3EE22E37C6}.Release|Any CPU.Build.0 = Release|Any CPU
		{A3C9D9CD-13F1-46A8-A3F0-BBEF1F9E10C7}.Debug|Any CPU.ActiveCfg = Debug|Any CPU
		{A3C9D9CD-13F1-46A8-A3F0-BBEF1F9E10C7}.Debug|Any CPU.Build.0 = Debug|Any CPU
		{A3C9D9CD-13F1-46A8-A3F0-BBEF1F9E10C7}.Release|Any CPU.ActiveCfg = Release|Any CPU
		{A3C9D9CD-13F1-46A8-A3F0-BBEF1F9E10C7}.Release|Any CPU.Build.0 = Release|Any CPU
		{7E84859B-1E21-4CF4-81A9-DBC89037219C}.Debug|Any CPU.ActiveCfg = Debug|Any CPU
		{7E84859B-1E21-4CF4-81A9-DBC89037219C}.Debug|Any CPU.Build.0 = Debug|Any CPU
		{7E84859B-1E21-4CF4-81A9-DBC89037219C}.Release|Any CPU.ActiveCfg = Release|Any CPU
		{7E84859B-1E21-4CF4-81A9-DBC89037219C}.Release|Any CPU.Build.0 = Release|Any CPU
		{79A90F96-8DAD-47F1-9C48-D846DE65E01D}.Debug|Any CPU.ActiveCfg = Debug|Any CPU
		{79A90F96-8DAD-47F1-9C48-D846DE65E01D}.Debug|Any CPU.Build.0 = Debug|Any CPU
		{79A90F96-8DAD-47F1-9C48-D846DE65E01D}.Release|Any CPU.ActiveCfg = Release|Any CPU
		{79A90F96-8DAD-47F1-9C48-D846DE65E01D}.Release|Any CPU.Build.0 = Release|Any CPU
		{3071C7A4-F93E-41DC-BF7A-333BB053F4B2}.Debug|Any CPU.ActiveCfg = Debug|Any CPU
		{3071C7A4-F93E-41DC-BF7A-333BB053F4B2}.Debug|Any CPU.Build.0 = Debug|Any CPU
		{3071C7A4-F93E-41DC-BF7A-333BB053F4B2}.Release|Any CPU.ActiveCfg = Release|Any CPU
		{3071C7A4-F93E-41DC-BF7A-333BB053F4B2}.Release|Any CPU.Build.0 = Release|Any CPU
		{42A4CD62-009A-4939-93B4-17691494F07F}.Debug|Any CPU.ActiveCfg = Debug|Any CPU
		{42A4CD62-009A-4939-93B4-17691494F07F}.Debug|Any CPU.Build.0 = Debug|Any CPU
		{42A4CD62-009A-4939-93B4-17691494F07F}.Release|Any CPU.ActiveCfg = Release|Any CPU
		{42A4CD62-009A-4939-93B4-17691494F07F}.Release|Any CPU.Build.0 = Release|Any CPU
	EndGlobalSection
	GlobalSection(NestedProjects) = preSolution
		{9186E5AA-AC60-49C6-B5E1-0A3EE22E37C6} = {569C62E0-25A5-470F-99E0-6EE449AF78F7}
		{A3C9D9CD-13F1-46A8-A3F0-BBEF1F9E10C7} = {569C62E0-25A5-470F-99E0-6EE449AF78F7}
		{7E84859B-1E21-4CF4-81A9-DBC89037219C} = {569C62E0-25A5-470F-99E0-6EE449AF78F7}
		{79A90F96-8DAD-47F1-9C48-D846DE65E01D} = {569C62E0-25A5-470F-99E0-6EE449AF78F7}
		{3071C7A4-F93E-41DC-BF7A-333BB053F4B2} = {56FB19CE-A445-4C93-83BA-E50C4CD898E6}
		{42A4CD62-009A-4939-93B4-17691494F07F} = {56FB19CE-A445-4C93-83BA-E50C4CD898E6}
	EndGlobalSection
EndGlobal
